
Microsoft Visual Studio Solution File, Format Version 12.00
# Visual Studio 2012
Project("{FAE04EC0-301F-11D3-BF4B-00C04F79EFBC}") = "Variations", "Variations\Variations.csproj", "{1F7CA65E-E917-41AF-AB0C-3A3E2F5DFD39}"
EndProject
Project("{FAE04EC0-301F-11D3-BF4B-00C04F79EFBC}") = "VariationsRecursive", "VariationsRecursive\VariationsRecursive.csproj", "{C994071B-B5B3-4A97-A085-8589C6EB2A6C}"
EndProject
Project("{FAE04EC0-301F-11D3-BF4B-00C04F79EFBC}") = "Permutations", "Permutations\Permutations.csproj", "{B5ED4918-11D2-4DF5-9697-A8719DE9F95E}"
EndProject
Project("{FAE04EC0-301F-11D3-BF4B-00C04F79EFBC}") = "PermutationsRecursive", "PermutationsRecursive\PermutationsRecursive.csproj", "{B9283114-9A73-42A3-8A55-C2CD0C2192AF}"
EndProject
Project("{FAE04EC0-301F-11D3-BF4B-00C04F79EFBC}") = "PermutationString", "PermutationString\PermutationString.csproj", "{12665D5C-467A-4D75-B5E9-D21357FB898A}"
EndProject
Project("{FAE04EC0-301F-11D3-BF4B-00C04F79EFBC}") = "VariationStrings", "VariationStrings\VariationStrings.csproj", "{314D157F-972C-4D21-B073-97F76B346897}"
EndProject
Global
	GlobalSection(SolutionConfigurationPlatforms) = preSolution
		Debug|Any CPU = Debug|Any CPU
		Release|Any CPU = Release|Any CPU
	EndGlobalSection
	GlobalSection(ProjectConfigurationPlatforms) = postSolution
		{1F7CA65E-E917-41AF-AB0C-3A3E2F5DFD39}.Debug|Any CPU.ActiveCfg = Debug|Any CPU
		{1F7CA65E-E917-41AF-AB0C-3A3E2F5DFD39}.Debug|Any CPU.Build.0 = Debug|Any CPU
		{1F7CA65E-E917-41AF-AB0C-3A3E2F5DFD39}.Release|Any CPU.ActiveCfg = Release|Any CPU
		{1F7CA65E-E917-41AF-AB0C-3A3E2F5DFD39}.Release|Any CPU.Build.0 = Release|Any CPU
		{C994071B-B5B3-4A97-A085-8589C6EB2A6C}.Debug|Any CPU.ActiveCfg = Debug|Any CPU
		{C994071B-B5B3-4A97-A085-8589C6EB2A6C}.Debug|Any CPU.Build.0 = Debug|Any CPU
		{C994071B-B5B3-4A97-A085-8589C6EB2A6C}.Release|Any CPU.ActiveCfg = Release|Any CPU
		{C994071B-B5B3-4A97-A085-8589C6EB2A6C}.Release|Any CPU.Build.0 = Release|Any CPU
		{B5ED4918-11D2-4DF5-9697-A8719DE9F95E}.Debug|Any CPU.ActiveCfg = Debug|Any CPU
		{B5ED4918-11D2-4DF5-9697-A8719DE9F95E}.Debug|Any CPU.Build.0 = Debug|Any CPU
		{B5ED4918-11D2-4DF5-9697-A8719DE9F95E}.Release|Any CPU.ActiveCfg = Release|Any CPU
		{B5ED4918-11D2-4DF5-9697-A8719DE9F95E}.Release|Any CPU.Build.0 = Release|Any CPU
		{B9283114-9A73-42A3-8A55-C2CD0C2192AF}.Debug|Any CPU.ActiveCfg = Debug|Any CPU
		{B9283114-9A73-42A3-8A55-C2CD0C2192AF}.Debug|Any CPU.Build.0 = Debug|Any CPU
		{B9283114-9A73-42A3-8A55-C2CD0C2192AF}.Release|Any CPU.ActiveCfg = Release|Any CPU
		{B9283114-9A73-42A3-8A55-C2CD0C2192AF}.Release|Any CPU.Build.0 = Release|Any CPU
		{12665D5C-467A-4D75-B5E9-D21357FB898A}.Debug|Any CPU.ActiveCfg = Debug|Any CPU
		{12665D5C-467A-4D75-B5E9-D21357FB898A}.Debug|Any CPU.Build.0 = Debug|Any CPU
		{12665D5C-467A-4D75-B5E9-D21357FB898A}.Release|Any CPU.ActiveCfg = Release|Any CPU
		{12665D5C-467A-4D75-B5E9-D21357FB898A}.Release|Any CPU.Build.0 = Release|Any CPU
		{314D157F-972C-4D21-B073-97F76B346897}.Debug|Any CPU.ActiveCfg = Debug|Any CPU
		{314D157F-972C-4D21-B073-97F76B346897}.Debug|Any CPU.Build.0 = Debug|Any CPU
		{314D157F-972C-4D21-B073-97F76B346897}.Release|Any CPU.ActiveCfg = Release|Any CPU
		{314D157F-972C-4D21-B073-97F76B346897}.Release|Any CPU.Build.0 = Release|Any CPU
	EndGlobalSection
	GlobalSection(SolutionProperties) = preSolution
		HideSolutionNode = FALSE
	EndGlobalSection
EndGlobal
