
Microsoft Visual Studio Solution File, Format Version 12.00
# Visual Studio 2012
Project("{FAE04EC0-301F-11D3-BF4B-00C04F79EFBC}") = "VariationsNumSys", "VariationsNumSys.csproj", "{1F7CA65E-E917-41AF-AB0C-3A3E2F5DFD39}"
EndProject
Global
	GlobalSection(SolutionConfigurationPlatforms) = preSolution
		Debug|Any CPU = Debug|Any CPU
		Release|Any CPU = Release|Any CPU
	EndGlobalSection
	GlobalSection(ProjectConfigurationPlatforms) = postSolution
		{1F7CA65E-E917-41AF-AB0C-3A3E2F5DFD39}.Debug|Any CPU.ActiveCfg = Debug|Any CPU
		{1F7CA65E-E917-41AF-AB0C-3A3E2F5DFD39}.Debug|Any CPU.Build.0 = Debug|Any CPU
		{1F7CA65E-E917-41AF-AB0C-3A3E2F5DFD39}.Release|Any CPU.ActiveCfg = Release|Any CPU
		{1F7CA65E-E917-41AF-AB0C-3A3E2F5DFD39}.Release|Any CPU.Build.0 = Release|Any CPU
	EndGlobalSection
	GlobalSection(SolutionProperties) = preSolution
		HideSolutionNode = FALSE
	EndGlobalSection
EndGlobal
